
Microsoft Visual Studio Solution File, Format Version 12.00
# Visual Studio Version 16
VisualStudioVersion = 16.0.31424.327
MinimumVisualStudioVersion = 10.0.40219.1
Project("{8BC9CEB8-8B4A-11D0-8D11-00A0C91BC942}") = "NewProject_Fantasma", "NewProject_Fantasma\NewProject_Fantasma.vcxproj", "{9CDDD9DA-171E-4D2D-AB31-8841153D2FBE}"
EndProject
Global
	GlobalSection(SolutionConfigurationPlatforms) = preSolution
		Debug|x64 = Debug|x64
		Debug|x86 = Debug|x86
		Release|x64 = Release|x64
		Release|x86 = Release|x86
	EndGlobalSection
	GlobalSection(ProjectConfigurationPlatforms) = postSolution
		{9CDDD9DA-171E-4D2D-AB31-8841153D2FBE}.Debug|x64.ActiveCfg = Debug|Win32
		{9CDDD9DA-171E-4D2D-AB31-8841153D2FBE}.Debug|x64.Build.0 = Debug|Win32
		{9CDDD9DA-171E-4D2D-AB31-8841153D2FBE}.Debug|x86.ActiveCfg = Release|Win32
		{9CDDD9DA-171E-4D2D-AB31-8841153D2FBE}.Debug|x86.Build.0 = Release|Win32
		{9CDDD9DA-171E-4D2D-AB31-8841153D2FBE}.Release|x64.ActiveCfg = Release|x64
		{9CDDD9DA-171E-4D2D-AB31-8841153D2FBE}.Release|x64.Build.0 = Release|x64
		{9CDDD9DA-171E-4D2D-AB31-8841153D2FBE}.Release|x86.ActiveCfg = Release|Win32
		{9CDDD9DA-171E-4D2D-AB31-8841153D2FBE}.Release|x86.Build.0 = Release|Win32
	EndGlobalSection
	GlobalSection(SolutionProperties) = preSolution
		HideSolutionNode = FALSE
	EndGlobalSection
	GlobalSection(ExtensibilityGlobals) = postSolution
		SolutionGuid = {ECA29B5F-9199-443F-9005-846A0A3451F4}
	EndGlobalSection
EndGlobal
