<?xml version="1.0" encoding="utf-8"?>
<Project ToolsVersion="4.0" xmlns="http://schemas.microsoft.com/developer/msbuild/2003">
  <ItemGroup>
    <Filter Include="Source Files">
      <UniqueIdentifier>{4FC737F1-C7A5-4376-A066-2A32D752A2FF}</UniqueIdentifier>
      <Extensions>cpp;c;cc;cxx;c++;cppm;ixx;def;odl;idl;hpj;bat;asm;asmx</Extensions>
    </Filter>
    <Filter Include="Header Files">
      <UniqueIdentifier>{93995380-89BD-4b04-88EB-625FBE52EBFB}</UniqueIdentifier>
      <Extensions>h;hh;hpp;hxx;h++;hm;inl;inc;ipp;xsd</Extensions>
    </Filter>
    <Filter Include="Resource Files">
      <UniqueIdentifier>{67DA6AB6-F800-4c08-8B7A-83BB121AAD01}</UniqueIdentifier>
      <Extensions>rc;ico;cur;bmp;dlg;rc2;rct;bin;rgs;gif;jpg;jpeg;jpe;resx;tiff;tif;png;wav;mfcribbon-ms</Extensions>
    </Filter>
  </ItemGroup>
  <ItemGroup>
    <Image Include="Debug\GrassTexture.png">
      <Filter>Resource Files</Filter>
    </Image>
  </ItemGroup>
  <ItemGroup>
    <ClInclude Include="header\Bandit.hpp">
      <Filter>Header Files</Filter>
    </ClInclude>
    <ClInclude Include="header\Bard.h">
      <Filter>Header Files</Filter>
    </ClInclude>
    <ClInclude Include="header\bardItem.hpp">
      <Filter>Header Files</Filter>
    </ClInclude>
    <ClInclude Include="header\Boss.hpp">
      <Filter>Header Files</Filter>
    </ClInclude>
    <ClInclude Include="header\Character.h">
      <Filter>Header Files</Filter>
    </ClInclude>
    <ClInclude Include="header\Dungeon.h">
      <Filter>Header Files</Filter>
    </ClInclude>
    <ClInclude Include="header\Fighter.h">
      <Filter>Header Files</Filter>
    </ClInclude>
    <ClInclude Include="header\fighterItem.hpp">
      <Filter>Header Files</Filter>
    </ClInclude>
    <ClInclude Include="header\FightScreen.h">
      <Filter>Header Files</Filter>
    </ClInclude>
    <ClInclude Include="header\Item.hpp">
      <Filter>Header Files</Filter>
    </ClInclude>
    <ClInclude Include="header\Location.h">
      <Filter>Header Files</Filter>
    </ClInclude>
    <ClInclude Include="header\Mage.h">
      <Filter>Header Files</Filter>
    </ClInclude>
    <ClInclude Include="header\mageItem.hpp">
      <Filter>Header Files</Filter>
    </ClInclude>
    <ClInclude Include="header\Map.h">
      <Filter>Header Files</Filter>
    </ClInclude>
    <ClInclude Include="header\NameGenerator.h">
      <Filter>Header Files</Filter>
    </ClInclude>
    <ClInclude Include="header\PerlinNoise.h">
      <Filter>Header Files</Filter>
    </ClInclude>
    <ClInclude Include="header\Tank.h">
      <Filter>Header Files</Filter>
    </ClInclude>
    <ClInclude Include="header\tankItem.hpp">
      <Filter>Header Files</Filter>
    </ClInclude>
    <ClInclude Include="header\Tilemap.h">
      <Filter>Header Files</Filter>
    </ClInclude>
    <ClInclude Include="header\Town.h">
      <Filter>Header Files</Filter>
    </ClInclude>
  </ItemGroup>
  <ItemGroup>
    <ClCompile Include="src\Bandit.cpp">
      <Filter>Source Files</Filter>
    </ClCompile>
    <ClCompile Include="src\Bard.cpp">
      <Filter>Source Files</Filter>
    </ClCompile>
    <ClCompile Include="src\bardItem.cpp">
      <Filter>Source Files</Filter>
    </ClCompile>
    <ClCompile Include="src\Boss.cpp">
      <Filter>Source Files</Filter>
    </ClCompile>
    <ClCompile Include="src\Character.cpp">
      <Filter>Source Files</Filter>
    </ClCompile>
    <ClCompile Include="src\Dungeon.cpp">
      <Filter>Source Files</Filter>
    </ClCompile>
    <ClCompile Include="src\Fighter.cpp">
      <Filter>Source Files</Filter>
    </ClCompile>
    <ClCompile Include="src\fighterItem.cpp">
      <Filter>Source Files</Filter>
    </ClCompile>
    <ClCompile Include="src\FightScreen.cpp">
      <Filter>Source Files</Filter>
    </ClCompile>
    <ClCompile Include="src\Item.cpp">
      <Filter>Source Files</Filter>
    </ClCompile>
    <ClCompile Include="src\Location.cpp">
      <Filter>Source Files</Filter>
    </ClCompile>
    <ClCompile Include="src\Mage.cpp">
      <Filter>Source Files</Filter>
    </ClCompile>
    <ClCompile Include="src\mageItem.cpp">
      <Filter>Source Files</Filter>
    </ClCompile>
    <ClCompile Include="src\mainFile.cpp">
      <Filter>Source Files</Filter>
    </ClCompile>
    <ClCompile Include="src\Map.cpp">
      <Filter>Source Files</Filter>
    </ClCompile>
    <ClCompile Include="src\NameGenerator.cpp">
      <Filter>Source Files</Filter>
    </ClCompile>
    <ClCompile Include="src\PerlinNoise.cpp">
      <Filter>Source Files</Filter>
    </ClCompile>
    <ClCompile Include="src\Tank.cpp">
      <Filter>Source Files</Filter>
    </ClCompile>
    <ClCompile Include="src\tankItem.cpp">
      <Filter>Source Files</Filter>
    </ClCompile>
    <ClCompile Include="src\Tilemap.cpp">
      <Filter>Source Files</Filter>
    </ClCompile>
    <ClCompile Include="src\Town.cpp">
      <Filter>Source Files</Filter>
    </ClCompile>
  </ItemGroup>
</Project>